
Microsoft Visual Studio Solution File, Format Version 12.00
# Visual Studio Version 17
VisualStudioVersion = 17.7.34202.233
MinimumVisualStudioVersion = 10.0.40219.1
Project("{FAE04EC0-301F-11D3-BF4B-00C04F79EFBC}") = "SistemaGestionAPI", "SistemaGestionAPI.csproj", "{47762256-BB28-4656-871A-24FBFCA25308}"
EndProject
Project("{FAE04EC0-301F-11D3-BF4B-00C04F79EFBC}") = "SistemaGestionData", "SistemaGestionData\SistemaGestionData.csproj", "{5D9F7AB4-E1C7-4DE5-BB9F-384FAB988FBA}"
EndProject
Project("{FAE04EC0-301F-11D3-BF4B-00C04F79EFBC}") = "SistemaGestionBusiness", "SistemaGestionBusiness\SistemaGestionBusiness.csproj", "{2F4EC37E-F417-450E-8E93-A077904C4FD9}"
EndProject
Project("{FAE04EC0-301F-11D3-BF4B-00C04F79EFBC}") = "SistemaGestionEntities", "SistemaGestionEntities\SistemaGestionEntities.csproj", "{58FF2FF1-9755-44AB-84AA-0379F8A9E255}"
EndProject
Project("{FAE04EC0-301F-11D3-BF4B-00C04F79EFBC}") = "SistemaGestionWebAPI", "SistemaGestionWebAPI\SistemaGestionWebAPI.csproj", "{DF983F95-9333-4694-A224-7D9F9812AF4A}"
EndProject
Global
	GlobalSection(SolutionConfigurationPlatforms) = preSolution
		Debug|Any CPU = Debug|Any CPU
		Release|Any CPU = Release|Any CPU
	EndGlobalSection
	GlobalSection(ProjectConfigurationPlatforms) = postSolution
		{47762256-BB28-4656-871A-24FBFCA25308}.Debug|Any CPU.ActiveCfg = Debug|Any CPU
		{47762256-BB28-4656-871A-24FBFCA25308}.Debug|Any CPU.Build.0 = Debug|Any CPU
		{47762256-BB28-4656-871A-24FBFCA25308}.Release|Any CPU.ActiveCfg = Release|Any CPU
		{47762256-BB28-4656-871A-24FBFCA25308}.Release|Any CPU.Build.0 = Release|Any CPU
		{5D9F7AB4-E1C7-4DE5-BB9F-384FAB988FBA}.Debug|Any CPU.ActiveCfg = Debug|Any CPU
		{5D9F7AB4-E1C7-4DE5-BB9F-384FAB988FBA}.Debug|Any CPU.Build.0 = Debug|Any CPU
		{5D9F7AB4-E1C7-4DE5-BB9F-384FAB988FBA}.Release|Any CPU.ActiveCfg = Release|Any CPU
		{5D9F7AB4-E1C7-4DE5-BB9F-384FAB988FBA}.Release|Any CPU.Build.0 = Release|Any CPU
		{2F4EC37E-F417-450E-8E93-A077904C4FD9}.Debug|Any CPU.ActiveCfg = Debug|Any CPU
		{2F4EC37E-F417-450E-8E93-A077904C4FD9}.Debug|Any CPU.Build.0 = Debug|Any CPU
		{2F4EC37E-F417-450E-8E93-A077904C4FD9}.Release|Any CPU.ActiveCfg = Release|Any CPU
		{2F4EC37E-F417-450E-8E93-A077904C4FD9}.Release|Any CPU.Build.0 = Release|Any CPU
		{58FF2FF1-9755-44AB-84AA-0379F8A9E255}.Debug|Any CPU.ActiveCfg = Debug|Any CPU
		{58FF2FF1-9755-44AB-84AA-0379F8A9E255}.Debug|Any CPU.Build.0 = Debug|Any CPU
		{58FF2FF1-9755-44AB-84AA-0379F8A9E255}.Release|Any CPU.ActiveCfg = Release|Any CPU
		{58FF2FF1-9755-44AB-84AA-0379F8A9E255}.Release|Any CPU.Build.0 = Release|Any CPU
		{DF983F95-9333-4694-A224-7D9F9812AF4A}.Debug|Any CPU.ActiveCfg = Debug|Any CPU
		{DF983F95-9333-4694-A224-7D9F9812AF4A}.Debug|Any CPU.Build.0 = Debug|Any CPU
		{DF983F95-9333-4694-A224-7D9F9812AF4A}.Release|Any CPU.ActiveCfg = Release|Any CPU
		{DF983F95-9333-4694-A224-7D9F9812AF4A}.Release|Any CPU.Build.0 = Release|Any CPU
	EndGlobalSection
	GlobalSection(SolutionProperties) = preSolution
		HideSolutionNode = FALSE
	EndGlobalSection
	GlobalSection(ExtensibilityGlobals) = postSolution
		SolutionGuid = {906F94BE-E47E-4432-ACA5-F07BC40BCFB7}
	EndGlobalSection
EndGlobal
